
Microsoft Visual Studio Solution File, Format Version 12.00
# Visual Studio Version 17
VisualStudioVersion = 17.9.34616.47
MinimumVisualStudioVersion = 10.0.40219.1
Project("{FAE04EC0-301F-11D3-BF4B-00C04F79EFBC}") = "ColecaoQuadrinhos", "ColecaoQuadrinhos.csproj", "{87117B61-3B39-4081-B29D-64616672E21C}"
EndProject
Global
	GlobalSection(SolutionConfigurationPlatforms) = preSolution
		Debug|Any CPU = Debug|Any CPU
		Release|Any CPU = Release|Any CPU
	EndGlobalSection
	GlobalSection(ProjectConfigurationPlatforms) = postSolution
		{87117B61-3B39-4081-B29D-64616672E21C}.Debug|Any CPU.ActiveCfg = Debug|Any CPU
		{87117B61-3B39-4081-B29D-64616672E21C}.Debug|Any CPU.Build.0 = Debug|Any CPU
		{87117B61-3B39-4081-B29D-64616672E21C}.Release|Any CPU.ActiveCfg = Release|Any CPU
		{87117B61-3B39-4081-B29D-64616672E21C}.Release|Any CPU.Build.0 = Release|Any CPU
	EndGlobalSection
	GlobalSection(SolutionProperties) = preSolution
		HideSolutionNode = FALSE
	EndGlobalSection
	GlobalSection(ExtensibilityGlobals) = postSolution
		SolutionGuid = {0D10709C-A1AF-4D93-9962-02FC12CB7350}
	EndGlobalSection
EndGlobal
